
Microsoft Visual Studio Solution File, Format Version 12.00
# Visual Studio 2013
VisualStudioVersion = 12.0.30723.0
MinimumVisualStudioVersion = 10.0.40219.1
Project("{8BC9CEB8-8B4A-11D0-8D11-00A0C91BC942}") = "SensorReader", "Recorder\Recorder.vcxproj", "{146AAE4B-DC1A-4411-91BC-8AFB27EBEA0E}"
EndProject
Project("{F088123C-0E9E-452A-89E6-6BA2F21D5CAC}") = "Modelling", "Modelling\Modelling.modelproj", "{6E9CE534-4CCD-42E2-B6A8-9721F360C3EF}"
EndProject
Project("{8BC9CEB8-8B4A-11D0-8D11-00A0C91BC942}") = "FeatureExtractor", "FeatureExtractor\FeatureExtractor.vcxproj", "{61B618FD-5B88-4140-A209-8BCDD8DE73E1}"
EndProject
Project("{8BC9CEB8-8B4A-11D0-8D11-00A0C91BC942}") = "InterfaceForGUI", "InterfaceForGUI\InterfaceForGUI.vcxproj", "{E100A492-8DD1-4BDB-B54A-5994D89EE524}"
EndProject
Project("{FAE04EC0-301F-11D3-BF4B-00C04F79EFBC}") = "GUI", "GUI\GUI.csproj", "{5E899F8F-4245-4D22-BFC0-8E5A22C05922}"
EndProject
Project("{8BC9CEB8-8B4A-11D0-8D11-00A0C91BC942}") = "OverallAssessment", "OverallAssessment\OverallAssessment.vcxproj", "{FA6280F9-20C2-4948-AC1C-E8E16DC0396B}"
EndProject
Global
	GlobalSection(SolutionConfigurationPlatforms) = preSolution
		Debug|Any CPU = Debug|Any CPU
		Debug|Mixed Platforms = Debug|Mixed Platforms
		Debug|Win32 = Debug|Win32
		Debug|x64 = Debug|x64
		Release|Any CPU = Release|Any CPU
		Release|Mixed Platforms = Release|Mixed Platforms
		Release|Win32 = Release|Win32
		Release|x64 = Release|x64
	EndGlobalSection
	GlobalSection(ProjectConfigurationPlatforms) = postSolution
		{146AAE4B-DC1A-4411-91BC-8AFB27EBEA0E}.Debug|Any CPU.ActiveCfg = Debug|Win32
		{146AAE4B-DC1A-4411-91BC-8AFB27EBEA0E}.Debug|Mixed Platforms.ActiveCfg = Debug|Win32
		{146AAE4B-DC1A-4411-91BC-8AFB27EBEA0E}.Debug|Mixed Platforms.Build.0 = Debug|Win32
		{146AAE4B-DC1A-4411-91BC-8AFB27EBEA0E}.Debug|Win32.ActiveCfg = Debug|Win32
		{146AAE4B-DC1A-4411-91BC-8AFB27EBEA0E}.Debug|Win32.Build.0 = Debug|Win32
		{146AAE4B-DC1A-4411-91BC-8AFB27EBEA0E}.Debug|x64.ActiveCfg = Debug|x64
		{146AAE4B-DC1A-4411-91BC-8AFB27EBEA0E}.Release|Any CPU.ActiveCfg = Release|Win32
		{146AAE4B-DC1A-4411-91BC-8AFB27EBEA0E}.Release|Mixed Platforms.ActiveCfg = Release|Win32
		{146AAE4B-DC1A-4411-91BC-8AFB27EBEA0E}.Release|Mixed Platforms.Build.0 = Release|Win32
		{146AAE4B-DC1A-4411-91BC-8AFB27EBEA0E}.Release|Win32.ActiveCfg = Release|Win32
		{146AAE4B-DC1A-4411-91BC-8AFB27EBEA0E}.Release|Win32.Build.0 = Release|Win32
		{146AAE4B-DC1A-4411-91BC-8AFB27EBEA0E}.Release|x64.ActiveCfg = Debug|x64
		{6E9CE534-4CCD-42E2-B6A8-9721F360C3EF}.Debug|Any CPU.ActiveCfg = Debug|Any CPU
		{6E9CE534-4CCD-42E2-B6A8-9721F360C3EF}.Debug|Any CPU.Build.0 = Debug|Any CPU
		{6E9CE534-4CCD-42E2-B6A8-9721F360C3EF}.Debug|Mixed Platforms.ActiveCfg = Debug|Any CPU
		{6E9CE534-4CCD-42E2-B6A8-9721F360C3EF}.Debug|Mixed Platforms.Build.0 = Debug|Any CPU
		{6E9CE534-4CCD-42E2-B6A8-9721F360C3EF}.Debug|Win32.ActiveCfg = Debug|Any CPU
		{6E9CE534-4CCD-42E2-B6A8-9721F360C3EF}.Debug|x64.ActiveCfg = Debug|Any CPU
		{6E9CE534-4CCD-42E2-B6A8-9721F360C3EF}.Debug|x64.Build.0 = Debug|Any CPU
		{6E9CE534-4CCD-42E2-B6A8-9721F360C3EF}.Release|Any CPU.ActiveCfg = Release|Any CPU
		{6E9CE534-4CCD-42E2-B6A8-9721F360C3EF}.Release|Any CPU.Build.0 = Release|Any CPU
		{6E9CE534-4CCD-42E2-B6A8-9721F360C3EF}.Release|Mixed Platforms.ActiveCfg = Release|Any CPU
		{6E9CE534-4CCD-42E2-B6A8-9721F360C3EF}.Release|Mixed Platforms.Build.0 = Release|Any CPU
		{6E9CE534-4CCD-42E2-B6A8-9721F360C3EF}.Release|Win32.ActiveCfg = Release|Any CPU
		{6E9CE534-4CCD-42E2-B6A8-9721F360C3EF}.Release|x64.ActiveCfg = Debug|Any CPU
		{6E9CE534-4CCD-42E2-B6A8-9721F360C3EF}.Release|x64.Build.0 = Debug|Any CPU
		{61B618FD-5B88-4140-A209-8BCDD8DE73E1}.Debug|Any CPU.ActiveCfg = Debug|Win32
		{61B618FD-5B88-4140-A209-8BCDD8DE73E1}.Debug|Mixed Platforms.ActiveCfg = Debug|Win32
		{61B618FD-5B88-4140-A209-8BCDD8DE73E1}.Debug|Mixed Platforms.Build.0 = Debug|Win32
		{61B618FD-5B88-4140-A209-8BCDD8DE73E1}.Debug|Win32.ActiveCfg = Debug|Win32
		{61B618FD-5B88-4140-A209-8BCDD8DE73E1}.Debug|Win32.Build.0 = Debug|Win32
		{61B618FD-5B88-4140-A209-8BCDD8DE73E1}.Debug|x64.ActiveCfg = Debug|x64
		{61B618FD-5B88-4140-A209-8BCDD8DE73E1}.Debug|x64.Build.0 = Debug|x64
		{61B618FD-5B88-4140-A209-8BCDD8DE73E1}.Release|Any CPU.ActiveCfg = Release|Win32
		{61B618FD-5B88-4140-A209-8BCDD8DE73E1}.Release|Mixed Platforms.ActiveCfg = Release|Win32
		{61B618FD-5B88-4140-A209-8BCDD8DE73E1}.Release|Mixed Platforms.Build.0 = Release|Win32
		{61B618FD-5B88-4140-A209-8BCDD8DE73E1}.Release|Win32.ActiveCfg = Release|Win32
		{61B618FD-5B88-4140-A209-8BCDD8DE73E1}.Release|Win32.Build.0 = Release|Win32
		{61B618FD-5B88-4140-A209-8BCDD8DE73E1}.Release|x64.ActiveCfg = Debug|x64
		{61B618FD-5B88-4140-A209-8BCDD8DE73E1}.Release|x64.Build.0 = Debug|x64
		{E100A492-8DD1-4BDB-B54A-5994D89EE524}.Debug|Any CPU.ActiveCfg = Debug|Win32
		{E100A492-8DD1-4BDB-B54A-5994D89EE524}.Debug|Mixed Platforms.ActiveCfg = Debug|Win32
		{E100A492-8DD1-4BDB-B54A-5994D89EE524}.Debug|Mixed Platforms.Build.0 = Debug|Win32
		{E100A492-8DD1-4BDB-B54A-5994D89EE524}.Debug|Win32.ActiveCfg = Debug|Win32
		{E100A492-8DD1-4BDB-B54A-5994D89EE524}.Debug|Win32.Build.0 = Debug|Win32
		{E100A492-8DD1-4BDB-B54A-5994D89EE524}.Debug|x64.ActiveCfg = Debug|x64
		{E100A492-8DD1-4BDB-B54A-5994D89EE524}.Debug|x64.Build.0 = Debug|x64
		{E100A492-8DD1-4BDB-B54A-5994D89EE524}.Release|Any CPU.ActiveCfg = Release|Win32
		{E100A492-8DD1-4BDB-B54A-5994D89EE524}.Release|Mixed Platforms.ActiveCfg = Release|Win32
		{E100A492-8DD1-4BDB-B54A-5994D89EE524}.Release|Mixed Platforms.Build.0 = Release|Win32
		{E100A492-8DD1-4BDB-B54A-5994D89EE524}.Release|Win32.ActiveCfg = Release|Win32
		{E100A492-8DD1-4BDB-B54A-5994D89EE524}.Release|Win32.Build.0 = Release|Win32
		{E100A492-8DD1-4BDB-B54A-5994D89EE524}.Release|x64.ActiveCfg = Debug|x64
		{E100A492-8DD1-4BDB-B54A-5994D89EE524}.Release|x64.Build.0 = Debug|x64
		{5E899F8F-4245-4D22-BFC0-8E5A22C05922}.Debug|Any CPU.ActiveCfg = Debug|Any CPU
		{5E899F8F-4245-4D22-BFC0-8E5A22C05922}.Debug|Any CPU.Build.0 = Debug|Any CPU
		{5E899F8F-4245-4D22-BFC0-8E5A22C05922}.Debug|Mixed Platforms.ActiveCfg = Debug|Any CPU
		{5E899F8F-4245-4D22-BFC0-8E5A22C05922}.Debug|Mixed Platforms.Build.0 = Debug|Any CPU
		{5E899F8F-4245-4D22-BFC0-8E5A22C05922}.Debug|Win32.ActiveCfg = Debug|Any CPU
		{5E899F8F-4245-4D22-BFC0-8E5A22C05922}.Debug|x64.ActiveCfg = Debug|Any CPU
		{5E899F8F-4245-4D22-BFC0-8E5A22C05922}.Debug|x64.Build.0 = Debug|Any CPU
		{5E899F8F-4245-4D22-BFC0-8E5A22C05922}.Release|Any CPU.ActiveCfg = Release|Any CPU
		{5E899F8F-4245-4D22-BFC0-8E5A22C05922}.Release|Any CPU.Build.0 = Release|Any CPU
		{5E899F8F-4245-4D22-BFC0-8E5A22C05922}.Release|Mixed Platforms.ActiveCfg = Release|Any CPU
		{5E899F8F-4245-4D22-BFC0-8E5A22C05922}.Release|Mixed Platforms.Build.0 = Release|Any CPU
		{5E899F8F-4245-4D22-BFC0-8E5A22C05922}.Release|Win32.ActiveCfg = Release|Any CPU
		{5E899F8F-4245-4D22-BFC0-8E5A22C05922}.Release|x64.ActiveCfg = Debug|Any CPU
		{5E899F8F-4245-4D22-BFC0-8E5A22C05922}.Release|x64.Build.0 = Debug|Any CPU
		{FA6280F9-20C2-4948-AC1C-E8E16DC0396B}.Debug|Any CPU.ActiveCfg = Debug|Win32
		{FA6280F9-20C2-4948-AC1C-E8E16DC0396B}.Debug|Mixed Platforms.ActiveCfg = Debug|Win32
		{FA6280F9-20C2-4948-AC1C-E8E16DC0396B}.Debug|Mixed Platforms.Build.0 = Debug|Win32
		{FA6280F9-20C2-4948-AC1C-E8E16DC0396B}.Debug|Win32.ActiveCfg = Debug|Win32
		{FA6280F9-20C2-4948-AC1C-E8E16DC0396B}.Debug|Win32.Build.0 = Debug|Win32
		{FA6280F9-20C2-4948-AC1C-E8E16DC0396B}.Debug|x64.ActiveCfg = Release|x64
		{FA6280F9-20C2-4948-AC1C-E8E16DC0396B}.Debug|x64.Build.0 = Release|x64
		{FA6280F9-20C2-4948-AC1C-E8E16DC0396B}.Release|Any CPU.ActiveCfg = Release|Win32
		{FA6280F9-20C2-4948-AC1C-E8E16DC0396B}.Release|Mixed Platforms.ActiveCfg = Release|Win32
		{FA6280F9-20C2-4948-AC1C-E8E16DC0396B}.Release|Mixed Platforms.Build.0 = Release|Win32
		{FA6280F9-20C2-4948-AC1C-E8E16DC0396B}.Release|Win32.ActiveCfg = Release|Win32
		{FA6280F9-20C2-4948-AC1C-E8E16DC0396B}.Release|Win32.Build.0 = Release|Win32
		{FA6280F9-20C2-4948-AC1C-E8E16DC0396B}.Release|x64.ActiveCfg = Release|x64
		{FA6280F9-20C2-4948-AC1C-E8E16DC0396B}.Release|x64.Build.0 = Release|x64
	EndGlobalSection
	GlobalSection(SolutionProperties) = preSolution
		HideSolutionNode = FALSE
	EndGlobalSection
EndGlobal
